
Microsoft Visual Studio Solution File, Format Version 12.00
# Visual Studio Version 17
VisualStudioVersion = 17.5.33627.172
MinimumVisualStudioVersion = 10.0.40219.1
Project("{9A19103F-16F7-4668-BE54-9A1E7A4F7556}") = "Prime_numGen", "Prime_numGen\Prime_numGen.csproj", "{9FB9CFE3-F245-45A4-AD9F-88F2878734A2}"
EndProject
Project("{9A19103F-16F7-4668-BE54-9A1E7A4F7556}") = "Benchmark", "Benchmark\Benchmark.csproj", "{A20DBA8B-DA5F-4C0B-B4B3-1097D5BDA500}"
EndProject
Global
	GlobalSection(SolutionConfigurationPlatforms) = preSolution
		Debug|Any CPU = Debug|Any CPU
		Release|Any CPU = Release|Any CPU
	EndGlobalSection
	GlobalSection(ProjectConfigurationPlatforms) = postSolution
		{9FB9CFE3-F245-45A4-AD9F-88F2878734A2}.Debug|Any CPU.ActiveCfg = Debug|Any CPU
		{9FB9CFE3-F245-45A4-AD9F-88F2878734A2}.Debug|Any CPU.Build.0 = Debug|Any CPU
		{9FB9CFE3-F245-45A4-AD9F-88F2878734A2}.Release|Any CPU.ActiveCfg = Release|Any CPU
		{9FB9CFE3-F245-45A4-AD9F-88F2878734A2}.Release|Any CPU.Build.0 = Release|Any CPU
		{A20DBA8B-DA5F-4C0B-B4B3-1097D5BDA500}.Debug|Any CPU.ActiveCfg = Debug|Any CPU
		{A20DBA8B-DA5F-4C0B-B4B3-1097D5BDA500}.Debug|Any CPU.Build.0 = Debug|Any CPU
		{A20DBA8B-DA5F-4C0B-B4B3-1097D5BDA500}.Release|Any CPU.ActiveCfg = Release|Any CPU
		{A20DBA8B-DA5F-4C0B-B4B3-1097D5BDA500}.Release|Any CPU.Build.0 = Release|Any CPU
	EndGlobalSection
	GlobalSection(SolutionProperties) = preSolution
		HideSolutionNode = FALSE
	EndGlobalSection
	GlobalSection(ExtensibilityGlobals) = postSolution
		SolutionGuid = {DCEA82B4-5509-4AEA-8CD8-6A730211A288}
	EndGlobalSection
EndGlobal
